// !$*UTF8*$!
{
	archiveVersion = 1;
	classes = {
	};
	objectVersion = 55;
	objects = {

/* Begin PBXBuildFile section */
		06AF18E0788897CCA82874BFFC94C7EA /* Preview Assets.xcassets in Resources */ = {isa = PBXBuildFile; fileRef = ADC258C2AA19CD3149CA5F6755B3FAA6 /* Preview Assets.xcassets */; };
		1C0FDCB944C778C17207D5465C024719 /* SampleApp.swift in Sources */ = {isa = PBXBuildFile; fileRef = C7987C5015DFDE66CEDA6FF04D9F0378 /* SampleApp.swift */; };
		3DFB263AB97178A13A8A14E0585B3239 /* DiceRollViewControllerRepresentation.swift in Sources */ = {isa = PBXBuildFile; fileRef = 4ECD3D3AEB14E9593A5C4B236B2CFFF2 /* DiceRollViewControllerRepresentation.swift */; };
		541E189D7936DA7FBDBC6BFE58E60E59 /* SwiftDiceRollView.swift in Sources */ = {isa = PBXBuildFile; fileRef = EEC99775E187AF4A8F1F34C8BF7DB3A6 /* SwiftDiceRollView.swift */; };
		69E3A58ED44CA80FE93FBAC57745B869 /* Assets.xcassets in Resources */ = {isa = PBXBuildFile; fileRef = B3DDA968289BAEEFEEE620B0CBA68F39 /* Assets.xcassets */; };
		7C6DD15D3D29963F8B6E36A4ED4425A8 /* Examples01.swift in Sources */ = {isa = PBXBuildFile; fileRef = E1D3BEE1F66BEB40E90AE5221C4E3DE0 /* Examples01.swift */; };
		9ABA7E13164FCE35835B5E6FD1442298 /* sampleTests.swift in Sources */ = {isa = PBXBuildFile; fileRef = FDF9F060F7EB9E7C49D46DC891D65C90 /* sampleTests.swift */; };
		A6E97B0DAC39A2612BF973FFE998B1DE /* RootView.swift in Sources */ = {isa = PBXBuildFile; fileRef = A76C4B6D591B738C0D8E5A9172F831C6 /* RootView.swift */; };
		AA89EFEBD5C0AA3F36CF0FF664EAC40D /* DiceRollViewController.swift in Sources */ = {isa = PBXBuildFile; fileRef = F54952C839661B46D3AC4624C9DB1149 /* DiceRollViewController.swift */; };
		AF1FBEB2B322CDBA8E57FA3AD50F7E1C /* DiceRollStoryboard.storyboard in Resources */ = {isa = PBXBuildFile; fileRef = 5304F38318EBD76548360F45DFB9CEB1 /* DiceRollStoryboard.storyboard */; };
		E4718F533D2F3C588FB18D8AC4383C82 /* VersionModalView.swift in Sources */ = {isa = PBXBuildFile; fileRef = F87A8324F922A618098926BCCEF3CE18 /* VersionModalView.swift */; };
/* End PBXBuildFile section */

/* Begin PBXContainerItemProxy section */
		6DA3EA798421C56F2FA9AEEA0C660A16 /* PBXContainerItemProxy */ = {
			isa = PBXContainerItemProxy;
			containerPortal = 78B005CE75CCB91BBCA693E3BC03B585 /* Project object */;
			proxyType = 1;
			remoteGlobalIDString = 4F9B373D2F1C212B6353966DEA3E6425;
			remoteInfo = sample;
		};
/* End PBXContainerItemProxy section */

/* Begin PBXFileReference section */
		1843F4FC31CA4C04A7AFC523BF71C07D /* sample.app */ = {isa = PBXFileReference; explicitFileType = wrapper.application; includeInIndex = 0; path = sample.app; sourceTree = BUILT_PRODUCTS_DIR; };
		21EC6B345B3A3309F3DB904F547C9A21 /* sampleTests.xctest */ = {isa = PBXFileReference; explicitFileType = wrapper.cfbundle; includeInIndex = 0; path = sampleTests.xctest; sourceTree = BUILT_PRODUCTS_DIR; };
		4ECD3D3AEB14E9593A5C4B236B2CFFF2 /* DiceRollViewControllerRepresentation.swift */ = {isa = PBXFileReference; lastKnownFileType = sourcecode.swift; path = DiceRollViewControllerRepresentation.swift; sourceTree = "<group>"; };
		5304F38318EBD76548360F45DFB9CEB1 /* DiceRollStoryboard.storyboard */ = {isa = PBXFileReference; lastKnownFileType = file.storyboard; path = DiceRollStoryboard.storyboard; sourceTree = "<group>"; };
		6F2950028BB34D3A289731E51DC42F22 /* Info.plist */ = {isa = PBXFileReference; lastKnownFileType = text.plist; path = Info.plist; sourceTree = "<group>"; };
		A76C4B6D591B738C0D8E5A9172F831C6 /* RootView.swift */ = {isa = PBXFileReference; lastKnownFileType = sourcecode.swift; path = RootView.swift; sourceTree = "<group>"; };
		ADC258C2AA19CD3149CA5F6755B3FAA6 /* Preview Assets.xcassets */ = {isa = PBXFileReference; lastKnownFileType = folder.assetcatalog; path = "Preview Assets.xcassets"; sourceTree = "<group>"; };
		B3DDA968289BAEEFEEE620B0CBA68F39 /* Assets.xcassets */ = {isa = PBXFileReference; lastKnownFileType = folder.assetcatalog; path = Assets.xcassets; sourceTree = "<group>"; };
		C7987C5015DFDE66CEDA6FF04D9F0378 /* SampleApp.swift */ = {isa = PBXFileReference; lastKnownFileType = sourcecode.swift; path = SampleApp.swift; sourceTree = "<group>"; };
		E1D3BEE1F66BEB40E90AE5221C4E3DE0 /* Examples01.swift */ = {isa = PBXFileReference; lastKnownFileType = sourcecode.swift; path = Examples01.swift; sourceTree = "<group>"; };
		EEC99775E187AF4A8F1F34C8BF7DB3A6 /* SwiftDiceRollView.swift */ = {isa = PBXFileReference; lastKnownFileType = sourcecode.swift; path = SwiftDiceRollView.swift; sourceTree = "<group>"; };
		F54952C839661B46D3AC4624C9DB1149 /* DiceRollViewController.swift */ = {isa = PBXFileReference; lastKnownFileType = sourcecode.swift; path = DiceRollViewController.swift; sourceTree = "<group>"; };
		F87A8324F922A618098926BCCEF3CE18 /* VersionModalView.swift */ = {isa = PBXFileReference; lastKnownFileType = sourcecode.swift; path = VersionModalView.swift; sourceTree = "<group>"; };
		FDF9F060F7EB9E7C49D46DC891D65C90 /* sampleTests.swift */ = {isa = PBXFileReference; lastKnownFileType = sourcecode.swift; path = sampleTests.swift; sourceTree = "<group>"; };
/* End PBXFileReference section */

/* Begin PBXFrameworksBuildPhase section */
		EB3A5E32896F4374692C0F5102821165 /* Frameworks */ = {
			isa = PBXFrameworksBuildPhase;
			buildActionMask = 2147483647;
			files = (
			);
			runOnlyForDeploymentPostprocessing = 0;
		};
		E80C728E70CD68C1F75D363D604450CF /* Frameworks */ = {
			isa = PBXFrameworksBuildPhase;
			buildActionMask = 2147483647;
			files = (
			);
			runOnlyForDeploymentPostprocessing = 0;
		};
/* End PBXFrameworksBuildPhase section */

/* Begin PBXGroup section */
		015606ED4A628FB8F5EE2795D7EB07D0 = {
			isa = PBXGroup;
			children = (
				9085DFFD7E387BC5F2C7D1576FA21B41 /* Products */,
				F7133A8C0BFB8DF69FBE5DC533BB238E /* sample */,
				423DE6B5825D1BBD00DBC2BF2580D967 /* sampleTests */,
			);
			sourceTree = "<group>";
		};
		9085DFFD7E387BC5F2C7D1576FA21B41 /* Products */ = {
			isa = PBXGroup;
			children = (
				1843F4FC31CA4C04A7AFC523BF71C07D /* sample.app */,
				21EC6B345B3A3309F3DB904F547C9A21 /* sampleTests.xctest */,
			);
			name = Products;
			sourceTree = "<group>";
		};
		F7133A8C0BFB8DF69FBE5DC533BB238E /* sample */ = {
			isa = PBXGroup;
			children = (
				05905E459F54F74BB7A0118D0BB2840D /* 01State */,
				BEA7EA9203EC92B45A75C21CBD0C6A72 /* Preview Content */,
				B3DDA968289BAEEFEEE620B0CBA68F39 /* Assets.xcassets */,
				6F2950028BB34D3A289731E51DC42F22 /* Info.plist */,
				A76C4B6D591B738C0D8E5A9172F831C6 /* RootView.swift */,
				C7987C5015DFDE66CEDA6FF04D9F0378 /* SampleApp.swift */,
				F87A8324F922A618098926BCCEF3CE18 /* VersionModalView.swift */,
			);
			path = sample;
			sourceTree = "<group>";
		};
		BEA7EA9203EC92B45A75C21CBD0C6A72 /* Preview Content */ = {
			isa = PBXGroup;
			children = (
				ADC258C2AA19CD3149CA5F6755B3FAA6 /* Preview Assets.xcassets */,
			);
			path = "Preview Content";
			sourceTree = "<group>";
		};
		05905E459F54F74BB7A0118D0BB2840D /* 01State */ = {
			isa = PBXGroup;
			children = (
				5304F38318EBD76548360F45DFB9CEB1 /* DiceRollStoryboard.storyboard */,
				F54952C839661B46D3AC4624C9DB1149 /* DiceRollViewController.swift */,
				4ECD3D3AEB14E9593A5C4B236B2CFFF2 /* DiceRollViewControllerRepresentation.swift */,
				E1D3BEE1F66BEB40E90AE5221C4E3DE0 /* Examples01.swift */,
				EEC99775E187AF4A8F1F34C8BF7DB3A6 /* SwiftDiceRollView.swift */,
			);
			path = 01State;
			sourceTree = "<group>";
		};
		423DE6B5825D1BBD00DBC2BF2580D967 /* sampleTests */ = {
			isa = PBXGroup;
			children = (
				FDF9F060F7EB9E7C49D46DC891D65C90 /* sampleTests.swift */,
			);
			path = sampleTests;
			sourceTree = "<group>";
		};
/* End PBXGroup section */

/* Begin PBXNativeTarget section */
		4F9B373D2F1C212B6353966DEA3E6425 /* sample */ = {
			isa = PBXNativeTarget;
			buildConfigurationList = 88DEEDABC1BD0770B69F4C5FFC609969 /* Build configuration list for PBXNativeTarget "sample" */;
			buildPhases = (
				6C92C9739B95981AACD6AFE215A81AB1 /* Sources */,
				EB3A5E32896F4374692C0F5102821165 /* Frameworks */,
				049DE3F0B051CDA5801CE38BECFBA958 /* Resources */,
			);
			buildRules = (
			);
			dependencies = (
			);
			name = sample;
			productName = sample;
			productReference = 1843F4FC31CA4C04A7AFC523BF71C07D /* sample.app */;
			productType = "com.apple.product-type.application";
		};
		040E9669FE611EE7338323B7ACCEB959 /* sampleTests */ = {
			isa = PBXNativeTarget;
			buildConfigurationList = 4101490F46A6D75B59D1199F07A1A6F9 /* Build configuration list for PBXNativeTarget "sampleTests" */;
			buildPhases = (
				58628912CE7406D481F5C7C3316503AA /* Sources */,
				E80C728E70CD68C1F75D363D604450CF /* Frameworks */,
				B46456CE4FDB70469E9DC113043A3C09 /* Resources */,
			);
			buildRules = (
			);
			dependencies = (
				5E4A73DF3D70D869E80781CEAB70E902 /* PBXTargetDependency */,
			);
			name = sampleTests;
			productName = sampleTests;
			productReference = 21EC6B345B3A3309F3DB904F547C9A21 /* sampleTests.xctest */;
			productType = "com.apple.product-type.bundle.unit-test";
		};
/* End PBXNativeTarget section */

/* Begin PBXProject section */
		78B005CE75CCB91BBCA693E3BC03B585 /* Project object */ = {
			isa = PBXProject;
			attributes = {
				BuildIndependentTargetsInParallel = 1;
				LastSwiftUpdateCheck = 1320;
				LastUpgradeCheck = 1310;
				TargetAttributes = {
					4F9B373D2F1C212B6353966DEA3E6425 = {
						CreatedOnToolsVersion = 13.1;
					};
					040E9669FE611EE7338323B7ACCEB959 = {
						CreatedOnToolsVersion = 13.2.1;
						TestTargetID = 4F9B373D2F1C212B6353966DEA3E6425;
					};
				};
			};
			buildConfigurationList = C9A951D55D5E925491D39D19F2373C2C /* Build configuration list for PBXProject "sample" */;
			compatibilityVersion = "Xcode 13.0";
			developmentRegion = en;
			hasScannedForEncodings = 0;
			knownRegions = (
				en,
				Base,
			);
			mainGroup = 015606ED4A628FB8F5EE2795D7EB07D0;
			productRefGroup = 9085DFFD7E387BC5F2C7D1576FA21B41 /* Products */;
			projectDirPath = "";
			projectRoot = "";
			targets = (
				4F9B373D2F1C212B6353966DEA3E6425 /* sample */,
				040E9669FE611EE7338323B7ACCEB959 /* sampleTests */,
			);
		};
/* End PBXProject section */

/* Begin PBXResourcesBuildPhase section */
		049DE3F0B051CDA5801CE38BECFBA958 /* Resources */ = {
			isa = PBXResourcesBuildPhase;
			buildActionMask = 2147483647;
			files = (
				69E3A58ED44CA80FE93FBAC57745B869 /* Assets.xcassets in Resources */,
				AF1FBEB2B322CDBA8E57FA3AD50F7E1C /* DiceRollStoryboard.storyboard in Resources */,
				06AF18E0788897CCA82874BFFC94C7EA /* Preview Assets.xcassets in Resources */,
			);
			runOnlyForDeploymentPostprocessing = 0;
		};
		B46456CE4FDB70469E9DC113043A3C09 /* Resources */ = {
			isa = PBXResourcesBuildPhase;
			buildActionMask = 2147483647;
			files = (
			);
			runOnlyForDeploymentPostprocessing = 0;
		};
/* End PBXResourcesBuildPhase section */

/* Begin PBXSourcesBuildPhase section */
		6C92C9739B95981AACD6AFE215A81AB1 /* Sources */ = {
			isa = PBXSourcesBuildPhase;
			buildActionMask = 2147483647;
			files = (
				AA89EFEBD5C0AA3F36CF0FF664EAC40D /* DiceRollViewController.swift in Sources */,
				3DFB263AB97178A13A8A14E0585B3239 /* DiceRollViewControllerRepresentation.swift in Sources */,
				7C6DD15D3D29963F8B6E36A4ED4425A8 /* Examples01.swift in Sources */,
				A6E97B0DAC39A2612BF973FFE998B1DE /* RootView.swift in Sources */,
				1C0FDCB944C778C17207D5465C024719 /* SampleApp.swift in Sources */,
				541E189D7936DA7FBDBC6BFE58E60E59 /* SwiftDiceRollView.swift in Sources */,
				E4718F533D2F3C588FB18D8AC4383C82 /* VersionModalView.swift in Sources */,
			);
			runOnlyForDeploymentPostprocessing = 0;
		};
		58628912CE7406D481F5C7C3316503AA /* Sources */ = {
			isa = PBXSourcesBuildPhase;
			buildActionMask = 2147483647;
			files = (
				9ABA7E13164FCE35835B5E6FD1442298 /* sampleTests.swift in Sources */,
			);
			runOnlyForDeploymentPostprocessing = 0;
		};
/* End PBXSourcesBuildPhase section */

/* Begin PBXTargetDependency section */
		5E4A73DF3D70D869E80781CEAB70E902 /* PBXTargetDependency */ = {
			isa = PBXTargetDependency;
			target = 4F9B373D2F1C212B6353966DEA3E6425 /* sample */;
			targetProxy = 6DA3EA798421C56F2FA9AEEA0C660A16 /* PBXContainerItemProxy */;
		};
/* End PBXTargetDependency section */

/* Begin XCBuildConfiguration section */
		02D86A77683067BEAB61588F0D36BF5C /* Debug */ = {
			isa = XCBuildConfiguration;
			buildSettings = {
				ALWAYS_SEARCH_USER_PATHS = NO;
				CLANG_ANALYZER_NONNULL = YES;
				CLANG_ANALYZER_NUMBER_OBJECT_CONVERSION = YES_AGGRESSIVE;
				CLANG_CXX_LANGUAGE_STANDARD = "gnu++17";
				CLANG_CXX_LIBRARY = "libc++";
				CLANG_ENABLE_MODULES = YES;
				CLANG_ENABLE_OBJC_ARC = YES;
				CLANG_ENABLE_OBJC_WEAK = YES;
				CLANG_WARN_BLOCK_CAPTURE_AUTORELEASING = YES;
				CLANG_WARN_BOOL_CONVERSION = YES;
				CLANG_WARN_COMMA = YES;
				CLANG_WARN_CONSTANT_CONVERSION = YES;
				CLANG_WARN_DEPRECATED_OBJC_IMPLEMENTATIONS = YES;
				CLANG_WARN_DIRECT_OBJC_ISA_USAGE = YES_ERROR;
				CLANG_WARN_DOCUMENTATION_COMMENTS = YES;
				CLANG_WARN_EMPTY_BODY = YES;
				CLANG_WARN_ENUM_CONVERSION = YES;
				CLANG_WARN_INFINITE_RECURSION = YES;
				CLANG_WARN_INT_CONVERSION = YES;
				CLANG_WARN_NON_LITERAL_NULL_CONVERSION = YES;
				CLANG_WARN_OBJC_IMPLICIT_RETAIN_SELF = YES;
				CLANG_WARN_OBJC_LITERAL_CONVERSION = YES;
				CLANG_WARN_OBJC_ROOT_CLASS = YES_ERROR;
				CLANG_WARN_QUOTED_INCLUDE_IN_FRAMEWORK_HEADER = YES;
				CLANG_WARN_RANGE_LOOP_ANALYSIS = YES;
				CLANG_WARN_STRICT_PROTOTYPES = YES;
				CLANG_WARN_SUSPICIOUS_MOVE = YES;
				CLANG_WARN_UNGUARDED_AVAILABILITY = YES_AGGRESSIVE;
				CLANG_WARN_UNREACHABLE_CODE = YES;
				CLANG_WARN__DUPLICATE_METHOD_MATCH = YES;
				COPY_PHASE_STRIP = NO;
				DEBUG_INFORMATION_FORMAT = dwarf;
				ENABLE_STRICT_OBJC_MSGSEND = YES;
				ENABLE_TESTABILITY = YES;
				GCC_C_LANGUAGE_STANDARD = gnu11;
				GCC_DYNAMIC_NO_PIC = NO;
				GCC_NO_COMMON_BLOCKS = YES;
				GCC_OPTIMIZATION_LEVEL = 0;
				GCC_PREPROCESSOR_DEFINITIONS = (
					"DEBUG=1",
					"$(inherited)",
				);
				GCC_WARN_64_TO_32_BIT_CONVERSION = YES;
				GCC_WARN_ABOUT_RETURN_TYPE = YES_ERROR;
				GCC_WARN_UNDECLARED_SELECTOR = YES;
				GCC_WARN_UNINITIALIZED_AUTOS = YES_AGGRESSIVE;
				GCC_WARN_UNUSED_FUNCTION = YES;
				GCC_WARN_UNUSED_VARIABLE = YES;
				IPHONEOS_DEPLOYMENT_TARGET = 15.0;
				MTL_ENABLE_DEBUG_INFO = INCLUDE_SOURCE;
				MTL_FAST_MATH = YES;
				ONLY_ACTIVE_ARCH = YES;
				SDKROOT = iphoneos;
				SWIFT_ACTIVE_COMPILATION_CONDITIONS = DEBUG;
				SWIFT_OPTIMIZATION_LEVEL = "-Onone";
			};
			name = Debug;
		};
		493993D58DDC63E396BE2261B1D252EF /* Release */ = {
			isa = XCBuildConfiguration;
			buildSettings = {
				ALWAYS_SEARCH_USER_PATHS = NO;
				CLANG_ANALYZER_NONNULL = YES;
				CLANG_ANALYZER_NUMBER_OBJECT_CONVERSION = YES_AGGRESSIVE;
				CLANG_CXX_LANGUAGE_STANDARD = "gnu++17";
				CLANG_CXX_LIBRARY = "libc++";
				CLANG_ENABLE_MODULES = YES;
				CLANG_ENABLE_OBJC_ARC = YES;
				CLANG_ENABLE_OBJC_WEAK = YES;
				CLANG_WARN_BLOCK_CAPTURE_AUTORELEASING = YES;
				CLANG_WARN_BOOL_CONVERSION = YES;
				CLANG_WARN_COMMA = YES;
				CLANG_WARN_CONSTANT_CONVERSION = YES;
				CLANG_WARN_DEPRECATED_OBJC_IMPLEMENTATIONS = YES;
				CLANG_WARN_DIRECT_OBJC_ISA_USAGE = YES_ERROR;
				CLANG_WARN_DOCUMENTATION_COMMENTS = YES;
				CLANG_WARN_EMPTY_BODY = YES;
				CLANG_WARN_ENUM_CONVERSION = YES;
				CLANG_WARN_INFINITE_RECURSION = YES;
				CLANG_WARN_INT_CONVERSION = YES;
				CLANG_WARN_NON_LITERAL_NULL_CONVERSION = YES;
				CLANG_WARN_OBJC_IMPLICIT_RETAIN_SELF = YES;
				CLANG_WARN_OBJC_LITERAL_CONVERSION = YES;
				CLANG_WARN_OBJC_ROOT_CLASS = YES_ERROR;
				CLANG_WARN_QUOTED_INCLUDE_IN_FRAMEWORK_HEADER = YES;
				CLANG_WARN_RANGE_LOOP_ANALYSIS = YES;
				CLANG_WARN_STRICT_PROTOTYPES = YES;
				CLANG_WARN_SUSPICIOUS_MOVE = YES;
				CLANG_WARN_UNGUARDED_AVAILABILITY = YES_AGGRESSIVE;
				CLANG_WARN_UNREACHABLE_CODE = YES;
				CLANG_WARN__DUPLICATE_METHOD_MATCH = YES;
				COPY_PHASE_STRIP = NO;
				DEBUG_INFORMATION_FORMAT = "dwarf-with-dsym";
				ENABLE_NS_ASSERTIONS = NO;
				ENABLE_STRICT_OBJC_MSGSEND = YES;
				GCC_C_LANGUAGE_STANDARD = gnu11;
				GCC_NO_COMMON_BLOCKS = YES;
				GCC_WARN_64_TO_32_BIT_CONVERSION = YES;
				GCC_WARN_ABOUT_RETURN_TYPE = YES_ERROR;
				GCC_WARN_UNDECLARED_SELECTOR = YES;
				GCC_WARN_UNINITIALIZED_AUTOS = YES_AGGRESSIVE;
				GCC_WARN_UNUSED_FUNCTION = YES;
				GCC_WARN_UNUSED_VARIABLE = YES;
				IPHONEOS_DEPLOYMENT_TARGET = 15.0;
				MTL_ENABLE_DEBUG_INFO = NO;
				MTL_FAST_MATH = YES;
				SDKROOT = iphoneos;
				SWIFT_COMPILATION_MODE = wholemodule;
				SWIFT_OPTIMIZATION_LEVEL = "-O";
				VALIDATE_PRODUCT = YES;
			};
			name = Release;
		};
		C571AFF27EBAF39098ADE5BFBE8839DD /* Debug */ = {
			isa = XCBuildConfiguration;
			buildSettings = {
				ASSETCATALOG_COMPILER_APPICON_NAME = AppIcon;
				ASSETCATALOG_COMPILER_GLOBAL_ACCENT_COLOR_NAME = AccentColor;
				CODE_SIGN_STYLE = Automatic;
				CURRENT_PROJECT_VERSION = 1;
				DEVELOPMENT_ASSET_PATHS = "\"sample/Preview Content\"";
				DEVELOPMENT_TEAM = 274WY66X79;
				ENABLE_PREVIEWS = YES;
				GENERATE_INFOPLIST_FILE = YES;
				INFOPLIST_FILE = sample/Info.plist;
				INFOPLIST_KEY_UIApplicationSceneManifest_Generation = YES;
				INFOPLIST_KEY_UIApplicationSupportsIndirectInputEvents = YES;
				INFOPLIST_KEY_UILaunchScreen_Generation = YES;
				INFOPLIST_KEY_UISupportedInterfaceOrientations_iPad = "UIInterfaceOrientationPortrait UIInterfaceOrientationPortraitUpsideDown UIInterfaceOrientationLandscapeLeft UIInterfaceOrientationLandscapeRight";
				INFOPLIST_KEY_UISupportedInterfaceOrientations_iPhone = "UIInterfaceOrientationPortrait UIInterfaceOrientationLandscapeLeft UIInterfaceOrientationLandscapeRight";
				IPHONEOS_DEPLOYMENT_TARGET = 14.7;
				LD_RUNPATH_SEARCH_PATHS = (
					"$(inherited)",
					"@executable_path/Frameworks",
				);
				MARKETING_VERSION = 1.0;
				PRODUCT_BUNDLE_IDENTIFIER = viento.sample;
				PRODUCT_NAME = "$(TARGET_NAME)";
				SWIFT_EMIT_LOC_STRINGS = YES;
				SWIFT_VERSION = 5.0;
				TARGETED_DEVICE_FAMILY = "1,2";
			};
			name = Debug;
		};
		84E4CA8771DA82C9253831BBEF7F419C /* Release */ = {
			isa = XCBuildConfiguration;
			buildSettings = {
				ASSETCATALOG_COMPILER_APPICON_NAME = AppIcon;
				ASSETCATALOG_COMPILER_GLOBAL_ACCENT_COLOR_NAME = AccentColor;
				CODE_SIGN_STYLE = Automatic;
				CURRENT_PROJECT_VERSION = 1;
				DEVELOPMENT_ASSET_PATHS = "\"sample/Preview Content\"";
				DEVELOPMENT_TEAM = 274WY66X79;
				ENABLE_PREVIEWS = YES;
				GENERATE_INFOPLIST_FILE = YES;
				INFOPLIST_FILE = sample/Info.plist;
				INFOPLIST_KEY_UIApplicationSceneManifest_Generation = YES;
				INFOPLIST_KEY_UIApplicationSupportsIndirectInputEvents = YES;
				INFOPLIST_KEY_UILaunchScreen_Generation = YES;
				INFOPLIST_KEY_UISupportedInterfaceOrientations_iPad = "UIInterfaceOrientationPortrait UIInterfaceOrientationPortraitUpsideDown UIInterfaceOrientationLandscapeLeft UIInterfaceOrientationLandscapeRight";
				INFOPLIST_KEY_UISupportedInterfaceOrientations_iPhone = "UIInterfaceOrientationPortrait UIInterfaceOrientationLandscapeLeft UIInterfaceOrientationLandscapeRight";
				IPHONEOS_DEPLOYMENT_TARGET = 14.7;
				LD_RUNPATH_SEARCH_PATHS = (
					"$(inherited)",
					"@executable_path/Frameworks",
				);
				MARKETING_VERSION = 1.0;
				PRODUCT_BUNDLE_IDENTIFIER = viento.sample;
				PRODUCT_NAME = "$(TARGET_NAME)";
				SWIFT_EMIT_LOC_STRINGS = YES;
				SWIFT_VERSION = 5.0;
				TARGETED_DEVICE_FAMILY = "1,2";
			};
			name = Release;
		};
		6378A7A0BFE18150434C91FAD357D0C8 /* Debug */ = {
			isa = XCBuildConfiguration;
			buildSettings = {
				BUNDLE_LOADER = "$(TEST_HOST)";
				CODE_SIGN_STYLE = Automatic;
				CURRENT_PROJECT_VERSION = 1;
				DEVELOPMENT_TEAM = 274WY66X79;
				GENERATE_INFOPLIST_FILE = YES;
				IPHONEOS_DEPLOYMENT_TARGET = 15.2;
				MARKETING_VERSION = 1.0;
				PRODUCT_BUNDLE_IDENTIFIER = viento.sampleTests;
				PRODUCT_NAME = "$(TARGET_NAME)";
				SWIFT_EMIT_LOC_STRINGS = NO;
				SWIFT_VERSION = 5.0;
				TARGETED_DEVICE_FAMILY = "1,2";
				TEST_HOST = "$(BUILT_PRODUCTS_DIR)/sample.app/sample";
			};
			name = Debug;
		};
		32C9B380CFB9E2B6A7EF24E7305A8D93 /* Release */ = {
			isa = XCBuildConfiguration;
			buildSettings = {
				BUNDLE_LOADER = "$(TEST_HOST)";
				CODE_SIGN_STYLE = Automatic;
				CURRENT_PROJECT_VERSION = 1;
				DEVELOPMENT_TEAM = 274WY66X79;
				GENERATE_INFOPLIST_FILE = YES;
				IPHONEOS_DEPLOYMENT_TARGET = 15.2;
				MARKETING_VERSION = 1.0;
				PRODUCT_BUNDLE_IDENTIFIER = viento.sampleTests;
				PRODUCT_NAME = "$(TARGET_NAME)";
				SWIFT_EMIT_LOC_STRINGS = NO;
				SWIFT_VERSION = 5.0;
				TARGETED_DEVICE_FAMILY = "1,2";
				TEST_HOST = "$(BUILT_PRODUCTS_DIR)/sample.app/sample";
			};
			name = Release;
		};
/* End XCBuildConfiguration section */

/* Begin XCConfigurationList section */
		C9A951D55D5E925491D39D19F2373C2C /* Build configuration list for PBXProject "sample" */ = {
			isa = XCConfigurationList;
			buildConfigurations = (
				02D86A77683067BEAB61588F0D36BF5C /* Debug */,
				493993D58DDC63E396BE2261B1D252EF /* Release */,
			);
			defaultConfigurationIsVisible = 0;
			defaultConfigurationName = Release;
		};
		88DEEDABC1BD0770B69F4C5FFC609969 /* Build configuration list for PBXNativeTarget "sample" */ = {
			isa = XCConfigurationList;
			buildConfigurations = (
				C571AFF27EBAF39098ADE5BFBE8839DD /* Debug */,
				84E4CA8771DA82C9253831BBEF7F419C /* Release */,
			);
			defaultConfigurationIsVisible = 0;
			defaultConfigurationName = Release;
		};
		4101490F46A6D75B59D1199F07A1A6F9 /* Build configuration list for PBXNativeTarget "sampleTests" */ = {
			isa = XCConfigurationList;
			buildConfigurations = (
				6378A7A0BFE18150434C91FAD357D0C8 /* Debug */,
				32C9B380CFB9E2B6A7EF24E7305A8D93 /* Release */,
			);
			defaultConfigurationIsVisible = 0;
			defaultConfigurationName = Release;
		};
/* End XCConfigurationList section */
	};
	rootObject = 78B005CE75CCB91BBCA693E3BC03B585 /* Project object */;
}
